// !$*UTF8*$!
{
	archiveVersion = 1;
	classes = {
	};
	objectVersion = 63;
	objects = {

/* Begin PBXBuildFile section */
		9D0CB0572BF5E78500FD8E57 /* Sentence.xcdatamodeld in Sources */ = {isa = PBXBuildFile; fileRef = 9D0CB0552BF5E78500FD8E57 /* Sentence.xcdatamodeld */; };
		9D0CB0592BF5E87F00FD8E57 /* DataController.swift in Sources */ = {isa = PBXBuildFile; fileRef = 9D0CB0582BF5E87F00FD8E57 /* DataController.swift */; };
		9D1CB9B02BCEB5930088F90C /* SpeechRecognizer.swift in Sources */ = {isa = PBXBuildFile; fileRef = 9D1CB9AF2BCEB5930088F90C /* SpeechRecognizer.swift */; };
		9D39222F2BCFB86E00FA1D05 /* Localizable.xcstrings in Resources */ = {isa = PBXBuildFile; fileRef = 9D39222E2BCFB86E00FA1D05 /* Localizable.xcstrings */; };
		9D3DED2B2BCD109400DAD675 /* MorserApp.swift in Sources */ = {isa = PBXBuildFile; fileRef = 9D3DED2A2BCD109400DAD675 /* MorserApp.swift */; };
		9D3DED2D2BCD109400DAD675 /* ParentView.swift in Sources */ = {isa = PBXBuildFile; fileRef = 9D3DED2C2BCD109400DAD675 /* ParentView.swift */; };
		9D3DED2F2BCD109500DAD675 /* Assets.xcassets in Resources */ = {isa = PBXBuildFile; fileRef = 9D3DED2E2BCD109500DAD675 /* Assets.xcassets */; };
		9D3DED332BCD109500DAD675 /* Preview Assets.xcassets in Resources */ = {isa = PBXBuildFile; fileRef = 9D3DED322BCD109500DAD675 /* Preview Assets.xcassets */; };
		9D3DED3A2BCD167600DAD675 /* EncodeView.swift in Sources */ = {isa = PBXBuildFile; fileRef = 9D3DED392BCD167600DAD675 /* EncodeView.swift */; };
		9D3DED3C2BCD16DE00DAD675 /* QuickTranslateView.swift in Sources */ = {isa = PBXBuildFile; fileRef = 9D3DED3B2BCD16DE00DAD675 /* QuickTranslateView.swift */; };
		9D3DED3E2BCD16EB00DAD675 /* ListenView.swift in Sources */ = {isa = PBXBuildFile; fileRef = 9D3DED3D2BCD16EB00DAD675 /* ListenView.swift */; };
		9D3DED402BCD23E700DAD675 /* VibrationEngine.swift in Sources */ = {isa = PBXBuildFile; fileRef = 9D3DED3F2BCD23E700DAD675 /* VibrationEngine.swift */; };
		9D3DED422BCD248100DAD675 /* MorseEncoder.swift in Sources */ = {isa = PBXBuildFile; fileRef = 9D3DED412BCD248100DAD675 /* MorseEncoder.swift */; };
		9D7F43402C00C4BB00DB6DE3 /* ExpandingCircle.swift in Sources */ = {isa = PBXBuildFile; fileRef = 9D7F433F2C00C4BB00DB6DE3 /* ExpandingCircle.swift */; };
		9D9BC1582BECE24200CD2C5B /* SettingsView.swift in Sources */ = {isa = PBXBuildFile; fileRef = 9D9BC1572BECE24200CD2C5B /* SettingsView.swift */; };
		9DA696702BCD7154002B9CBB /* Extensions.swift in Sources */ = {isa = PBXBuildFile; fileRef = 9DA6966F2BCD7154002B9CBB /* Extensions.swift */; };
		9DAE653D2C00E68900663324 /* MorserWatchApp.swift in Sources */ = {isa = PBXBuildFile; fileRef = 9DAE653C2C00E68900663324 /* MorserWatchApp.swift */; };
		9DAE653F2C00E68900663324 /* ParentView.swift in Sources */ = {isa = PBXBuildFile; fileRef = 9DAE653E2C00E68900663324 /* ParentView.swift */; };
		9DAE65442C00E68A00663324 /* Preview Assets.xcassets in Resources */ = {isa = PBXBuildFile; fileRef = 9DAE65432C00E68A00663324 /* Preview Assets.xcassets */; };
		9DAE65472C00E68A00663324 /* MorserWatch Watch App.app in Embed Watch Content */ = {isa = PBXBuildFile; fileRef = 9DAE653A2C00E68900663324 /* MorserWatch Watch App.app */; settings = {ATTRIBUTES = (RemoveHeadersOnCopy, ); }; };
		9DAE654F2C00E89D00663324 /* WatchConnectivityProvider.swift in Sources */ = {isa = PBXBuildFile; fileRef = 9DAE654E2C00E89D00663324 /* WatchConnectivityProvider.swift */; };
		9DAE65512C00E8CE00663324 /* WatchCommunicationManager.swift in Sources */ = {isa = PBXBuildFile; fileRef = 9DAE65502C00E8CE00663324 /* WatchCommunicationManager.swift */; };
		9DAE65542C011BBD00663324 /* BeepPlayer.swift in Sources */ = {isa = PBXBuildFile; fileRef = 9DD425092BE3C5BF009EE623 /* BeepPlayer.swift */; };
		9DB015632C03C17A00BB18EB /* Assets.xcassets in Resources */ = {isa = PBXBuildFile; fileRef = 9D3DED2E2BCD109500DAD675 /* Assets.xcassets */; };
		9DD162F82C038F78006A410D /* Extensions.swift in Sources */ = {isa = PBXBuildFile; fileRef = 9DA6966F2BCD7154002B9CBB /* Extensions.swift */; };
		9DD162F92C038F7B006A410D /* MorseEncoder.swift in Sources */ = {isa = PBXBuildFile; fileRef = 9D3DED412BCD248100DAD675 /* MorseEncoder.swift */; };
		9DD162FA2C038F91006A410D /* Sentence.xcdatamodeld in Sources */ = {isa = PBXBuildFile; fileRef = 9D0CB0552BF5E78500FD8E57 /* Sentence.xcdatamodeld */; };
		9DD162FD2C0397A3006A410D /* EncodeView.swift in Sources */ = {isa = PBXBuildFile; fileRef = 9DD162FC2C0397A3006A410D /* EncodeView.swift */; };
		9DD163002C039909006A410D /* VibrationEngine.swift in Sources */ = {isa = PBXBuildFile; fileRef = 9D3DED3F2BCD23E700DAD675 /* VibrationEngine.swift */; };
		9DD163022C039F9B006A410D /* DataController.swift in Sources */ = {isa = PBXBuildFile; fileRef = 9D0CB0582BF5E87F00FD8E57 /* DataController.swift */; };
		9DD163052C03A512006A410D /* QuickTranslateView.swift in Sources */ = {isa = PBXBuildFile; fileRef = 9DD163042C03A512006A410D /* QuickTranslateView.swift */; };
		9DD163072C03B336006A410D /* Localizable.xcstrings in Resources */ = {isa = PBXBuildFile; fileRef = 9D39222E2BCFB86E00FA1D05 /* Localizable.xcstrings */; };
		9DD163082C03B43F006A410D /* ExpandingCircle.swift in Sources */ = {isa = PBXBuildFile; fileRef = 9D7F433F2C00C4BB00DB6DE3 /* ExpandingCircle.swift */; };
		9DD4250A2BE3C5BF009EE623 /* BeepPlayer.swift in Sources */ = {isa = PBXBuildFile; fileRef = 9DD425092BE3C5BF009EE623 /* BeepPlayer.swift */; };
		9DD801DB2C04B630007DEC31 /* TorchEngine.swift in Sources */ = {isa = PBXBuildFile; fileRef = 9DD801DA2C04B630007DEC31 /* TorchEngine.swift */; };
		9DED8FBC2BF793B9008D0B29 /* .swiftlint.yml in Resources */ = {isa = PBXBuildFile; fileRef = 9DED8FBB2BF793B9008D0B29 /* .swiftlint.yml */; };
/* End PBXBuildFile section */

/* Begin PBXContainerItemProxy section */
		9DAE65452C00E68A00663324 /* PBXContainerItemProxy */ = {
			isa = PBXContainerItemProxy;
			containerPortal = 9D3DED1F2BCD109400DAD675 /* Project object */;
			proxyType = 1;
			remoteGlobalIDString = 9DAE65392C00E68900663324;
			remoteInfo = "MorserWatch Watch App";
		};
/* End PBXContainerItemProxy section */

/* Begin PBXCopyFilesBuildPhase section */
		9DAE65482C00E68A00663324 /* Embed Watch Content */ = {
			isa = PBXCopyFilesBuildPhase;
			buildActionMask = 2147483647;
			dstPath = "$(CONTENTS_FOLDER_PATH)/Watch";
			dstSubfolderSpec = 16;
			files = (
				9DAE65472C00E68A00663324 /* MorserWatch Watch App.app in Embed Watch Content */,
			);
			name = "Embed Watch Content";
			runOnlyForDeploymentPostprocessing = 0;
		};
/* End PBXCopyFilesBuildPhase section */

/* Begin PBXFileReference section */
		9D0CB0562BF5E78500FD8E57 /* Sentence.xcdatamodel */ = {isa = PBXFileReference; lastKnownFileType = wrapper.xcdatamodel; path = Sentence.xcdatamodel; sourceTree = "<group>"; };
		9D0CB0582BF5E87F00FD8E57 /* DataController.swift */ = {isa = PBXFileReference; lastKnownFileType = sourcecode.swift; path = DataController.swift; sourceTree = "<group>"; };
		9D1CB9AE2BCEB2810088F90C /* Info.plist */ = {isa = PBXFileReference; lastKnownFileType = text.plist; path = Info.plist; sourceTree = "<group>"; };
		9D1CB9AF2BCEB5930088F90C /* SpeechRecognizer.swift */ = {isa = PBXFileReference; lastKnownFileType = sourcecode.swift; path = SpeechRecognizer.swift; sourceTree = "<group>"; };
		9D39222E2BCFB86E00FA1D05 /* Localizable.xcstrings */ = {isa = PBXFileReference; lastKnownFileType = text.json.xcstrings; path = Localizable.xcstrings; sourceTree = "<group>"; };
		9D3DED272BCD109400DAD675 /* Morser.app */ = {isa = PBXFileReference; explicitFileType = wrapper.application; includeInIndex = 0; path = Morser.app; sourceTree = BUILT_PRODUCTS_DIR; };
		9D3DED2A2BCD109400DAD675 /* MorserApp.swift */ = {isa = PBXFileReference; lastKnownFileType = sourcecode.swift; path = MorserApp.swift; sourceTree = "<group>"; };
		9D3DED2C2BCD109400DAD675 /* ParentView.swift */ = {isa = PBXFileReference; lastKnownFileType = sourcecode.swift; path = ParentView.swift; sourceTree = "<group>"; };
		9D3DED2E2BCD109500DAD675 /* Assets.xcassets */ = {isa = PBXFileReference; lastKnownFileType = folder.assetcatalog; path = Assets.xcassets; sourceTree = "<group>"; };
		9D3DED302BCD109500DAD675 /* Morser.entitlements */ = {isa = PBXFileReference; lastKnownFileType = text.plist.entitlements; path = Morser.entitlements; sourceTree = "<group>"; };
		9D3DED322BCD109500DAD675 /* Preview Assets.xcassets */ = {isa = PBXFileReference; lastKnownFileType = folder.assetcatalog; path = "Preview Assets.xcassets"; sourceTree = "<group>"; };
		9D3DED392BCD167600DAD675 /* EncodeView.swift */ = {isa = PBXFileReference; lastKnownFileType = sourcecode.swift; path = EncodeView.swift; sourceTree = "<group>"; };
		9D3DED3B2BCD16DE00DAD675 /* QuickTranslateView.swift */ = {isa = PBXFileReference; lastKnownFileType = sourcecode.swift; path = QuickTranslateView.swift; sourceTree = "<group>"; };
		9D3DED3D2BCD16EB00DAD675 /* ListenView.swift */ = {isa = PBXFileReference; lastKnownFileType = sourcecode.swift; path = ListenView.swift; sourceTree = "<group>"; };
		9D3DED3F2BCD23E700DAD675 /* VibrationEngine.swift */ = {isa = PBXFileReference; lastKnownFileType = sourcecode.swift; path = VibrationEngine.swift; sourceTree = "<group>"; };
		9D3DED412BCD248100DAD675 /* MorseEncoder.swift */ = {isa = PBXFileReference; lastKnownFileType = sourcecode.swift; path = MorseEncoder.swift; sourceTree = "<group>"; };
		9D7F433F2C00C4BB00DB6DE3 /* ExpandingCircle.swift */ = {isa = PBXFileReference; lastKnownFileType = sourcecode.swift; path = ExpandingCircle.swift; sourceTree = "<group>"; };
		9D9BC1572BECE24200CD2C5B /* SettingsView.swift */ = {isa = PBXFileReference; lastKnownFileType = sourcecode.swift; path = SettingsView.swift; sourceTree = "<group>"; };
		9DA6966F2BCD7154002B9CBB /* Extensions.swift */ = {isa = PBXFileReference; lastKnownFileType = sourcecode.swift; path = Extensions.swift; sourceTree = "<group>"; };
		9DAE653A2C00E68900663324 /* MorserWatch Watch App.app */ = {isa = PBXFileReference; explicitFileType = wrapper.application; includeInIndex = 0; path = "MorserWatch Watch App.app"; sourceTree = BUILT_PRODUCTS_DIR; };
		9DAE653C2C00E68900663324 /* MorserWatchApp.swift */ = {isa = PBXFileReference; lastKnownFileType = sourcecode.swift; path = MorserWatchApp.swift; sourceTree = "<group>"; };
		9DAE653E2C00E68900663324 /* ParentView.swift */ = {isa = PBXFileReference; lastKnownFileType = sourcecode.swift; path = ParentView.swift; sourceTree = "<group>"; };
		9DAE65432C00E68A00663324 /* Preview Assets.xcassets */ = {isa = PBXFileReference; lastKnownFileType = folder.assetcatalog; path = "Preview Assets.xcassets"; sourceTree = "<group>"; };
		9DAE654E2C00E89D00663324 /* WatchConnectivityProvider.swift */ = {isa = PBXFileReference; lastKnownFileType = sourcecode.swift; path = WatchConnectivityProvider.swift; sourceTree = "<group>"; };
		9DAE65502C00E8CE00663324 /* WatchCommunicationManager.swift */ = {isa = PBXFileReference; lastKnownFileType = sourcecode.swift; path = WatchCommunicationManager.swift; sourceTree = "<group>"; };
		9DD162FC2C0397A3006A410D /* EncodeView.swift */ = {isa = PBXFileReference; lastKnownFileType = sourcecode.swift; path = EncodeView.swift; sourceTree = "<group>"; };
		9DD163042C03A512006A410D /* QuickTranslateView.swift */ = {isa = PBXFileReference; lastKnownFileType = sourcecode.swift; path = QuickTranslateView.swift; sourceTree = "<group>"; };
		9DD163062C03A89C006A410D /* MorserWatch-Watch-App-Info.plist */ = {isa = PBXFileReference; lastKnownFileType = text.plist; path = "MorserWatch-Watch-App-Info.plist"; sourceTree = SOURCE_ROOT; };
		9DD425092BE3C5BF009EE623 /* BeepPlayer.swift */ = {isa = PBXFileReference; lastKnownFileType = sourcecode.swift; path = BeepPlayer.swift; sourceTree = "<group>"; };
		9DD801DA2C04B630007DEC31 /* TorchEngine.swift */ = {isa = PBXFileReference; lastKnownFileType = sourcecode.swift; path = TorchEngine.swift; sourceTree = "<group>"; };
		9DED8FBB2BF793B9008D0B29 /* .swiftlint.yml */ = {isa = PBXFileReference; lastKnownFileType = text.yaml; path = .swiftlint.yml; sourceTree = "<group>"; };
/* End PBXFileReference section */

/* Begin PBXFrameworksBuildPhase section */
		9D3DED242BCD109400DAD675 /* Frameworks */ = {
			isa = PBXFrameworksBuildPhase;
			buildActionMask = 2147483647;
			files = (
			);
			runOnlyForDeploymentPostprocessing = 0;
		};
		9DAE65372C00E68900663324 /* Frameworks */ = {
			isa = PBXFrameworksBuildPhase;
			buildActionMask = 2147483647;
			files = (
			);
			runOnlyForDeploymentPostprocessing = 0;
		};
/* End PBXFrameworksBuildPhase section */

/* Begin PBXGroup section */
		9D2099822BCD37D800229594 /* Model */ = {
			isa = PBXGroup;
			children = (
				9DAE654E2C00E89D00663324 /* WatchConnectivityProvider.swift */,
				9D0CB0552BF5E78500FD8E57 /* Sentence.xcdatamodeld */,
				9D0CB0582BF5E87F00FD8E57 /* DataController.swift */,
				9D3DED3F2BCD23E700DAD675 /* VibrationEngine.swift */,
				9DD801DA2C04B630007DEC31 /* TorchEngine.swift */,
				9DD425092BE3C5BF009EE623 /* BeepPlayer.swift */,
				9D3DED412BCD248100DAD675 /* MorseEncoder.swift */,
				9D1CB9AF2BCEB5930088F90C /* SpeechRecognizer.swift */,
			);
			path = Model;
			sourceTree = "<group>";
		};
		9D3DED1E2BCD109400DAD675 = {
			isa = PBXGroup;
			children = (
				9DED8FBB2BF793B9008D0B29 /* .swiftlint.yml */,
				9D3DED292BCD109400DAD675 /* Morser */,
				9DAE653B2C00E68900663324 /* MorserWatch Watch App */,
				9D3DED282BCD109400DAD675 /* Products */,
			);
			sourceTree = "<group>";
		};
		9D3DED282BCD109400DAD675 /* Products */ = {
			isa = PBXGroup;
			children = (
				9D3DED272BCD109400DAD675 /* Morser.app */,
				9DAE653A2C00E68900663324 /* MorserWatch Watch App.app */,
			);
			name = Products;
			sourceTree = "<group>";
		};
		9D3DED292BCD109400DAD675 /* Morser */ = {
			isa = PBXGroup;
			children = (
				9D39222E2BCFB86E00FA1D05 /* Localizable.xcstrings */,
				9D1CB9AE2BCEB2810088F90C /* Info.plist */,
				9DA6966F2BCD7154002B9CBB /* Extensions.swift */,
				9D2099822BCD37D800229594 /* Model */,
				9DC81D142BCD33F900A13C99 /* Views */,
				9D3DED2E2BCD109500DAD675 /* Assets.xcassets */,
				9D3DED302BCD109500DAD675 /* Morser.entitlements */,
				9D3DED312BCD109500DAD675 /* Preview Content */,
			);
			path = Morser;
			sourceTree = "<group>";
		};
		9D3DED312BCD109500DAD675 /* Preview Content */ = {
			isa = PBXGroup;
			children = (
				9D3DED322BCD109500DAD675 /* Preview Assets.xcassets */,
			);
			path = "Preview Content";
			sourceTree = "<group>";
		};
		9DAE653B2C00E68900663324 /* MorserWatch Watch App */ = {
			isa = PBXGroup;
			children = (
				9DD163062C03A89C006A410D /* MorserWatch-Watch-App-Info.plist */,
				9DAE653C2C00E68900663324 /* MorserWatchApp.swift */,
				9DAE65502C00E8CE00663324 /* WatchCommunicationManager.swift */,
				9DD163012C039B19006A410D /* Views */,
				9DAE65422C00E68A00663324 /* Preview Content */,
			);
			path = "MorserWatch Watch App";
			sourceTree = "<group>";
		};
		9DAE65422C00E68A00663324 /* Preview Content */ = {
			isa = PBXGroup;
			children = (
				9DAE65432C00E68A00663324 /* Preview Assets.xcassets */,
			);
			path = "Preview Content";
			sourceTree = "<group>";
		};
		9DC81D142BCD33F900A13C99 /* Views */ = {
			isa = PBXGroup;
			children = (
				9D3DED2A2BCD109400DAD675 /* MorserApp.swift */,
				9D3DED2C2BCD109400DAD675 /* ParentView.swift */,
				9D3DED392BCD167600DAD675 /* EncodeView.swift */,
				9D7F433F2C00C4BB00DB6DE3 /* ExpandingCircle.swift */,
				9D3DED3B2BCD16DE00DAD675 /* QuickTranslateView.swift */,
				9D3DED3D2BCD16EB00DAD675 /* ListenView.swift */,
				9D9BC1572BECE24200CD2C5B /* SettingsView.swift */,
			);
			path = Views;
			sourceTree = "<group>";
		};
		9DD163012C039B19006A410D /* Views */ = {
			isa = PBXGroup;
			children = (
				9DAE653E2C00E68900663324 /* ParentView.swift */,
				9DD162FC2C0397A3006A410D /* EncodeView.swift */,
				9DD163042C03A512006A410D /* QuickTranslateView.swift */,
			);
			path = Views;
			sourceTree = "<group>";
		};
/* End PBXGroup section */

/* Begin PBXNativeTarget section */
		9D3DED262BCD109400DAD675 /* Morser */ = {
			isa = PBXNativeTarget;
			buildConfigurationList = 9D3DED362BCD109500DAD675 /* Build configuration list for PBXNativeTarget "Morser" */;
			buildPhases = (
				9D3DED232BCD109400DAD675 /* Sources */,
				9D3DED242BCD109400DAD675 /* Frameworks */,
				9D3DED252BCD109400DAD675 /* Resources */,
				9DED8FBA2BF79015008D0B29 /* Swift Lint */,
				9DAE65482C00E68A00663324 /* Embed Watch Content */,
			);
			buildRules = (
			);
			dependencies = (
				9DAE65462C00E68A00663324 /* PBXTargetDependency */,
			);
			name = Morser;
			productName = Morser;
			productReference = 9D3DED272BCD109400DAD675 /* Morser.app */;
			productType = "com.apple.product-type.application";
		};
		9DAE65392C00E68900663324 /* MorserWatch Watch App */ = {
			isa = PBXNativeTarget;
			buildConfigurationList = 9DAE654B2C00E68A00663324 /* Build configuration list for PBXNativeTarget "MorserWatch Watch App" */;
			buildPhases = (
				9DAE65362C00E68900663324 /* Sources */,
				9DAE65372C00E68900663324 /* Frameworks */,
				9DAE65382C00E68900663324 /* Resources */,
			);
			buildRules = (
			);
			dependencies = (
			);
			name = "MorserWatch Watch App";
			productName = "MorserWatch Watch App";
			productReference = 9DAE653A2C00E68900663324 /* MorserWatch Watch App.app */;
			productType = "com.apple.product-type.application";
		};
/* End PBXNativeTarget section */

/* Begin PBXProject section */
		9D3DED1F2BCD109400DAD675 /* Project object */ = {
			isa = PBXProject;
			attributes = {
				BuildIndependentTargetsInParallel = 1;
				LastSwiftUpdateCheck = 1540;
				LastUpgradeCheck = 1540;
				TargetAttributes = {
					9D3DED262BCD109400DAD675 = {
						CreatedOnToolsVersion = 15.3;
					};
					9DAE65392C00E68900663324 = {
						CreatedOnToolsVersion = 15.4;
					};
				};
			};
			buildConfigurationList = 9D3DED222BCD109400DAD675 /* Build configuration list for PBXProject "Morser" */;
			compatibilityVersion = "Xcode 15.3";
			developmentRegion = en;
			hasScannedForEncodings = 0;
			knownRegions = (
				en,
				Base,
				it,
				ru,
				"es-419",
				ko,
				"en-GB",
				tr,
				uk,
				nap,
			);
			mainGroup = 9D3DED1E2BCD109400DAD675;
			productRefGroup = 9D3DED282BCD109400DAD675 /* Products */;
			projectDirPath = "";
			projectRoot = "";
			targets = (
				9D3DED262BCD109400DAD675 /* Morser */,
				9DAE65392C00E68900663324 /* MorserWatch Watch App */,
			);
		};
/* End PBXProject section */

/* Begin PBXResourcesBuildPhase section */
		9D3DED252BCD109400DAD675 /* Resources */ = {
			isa = PBXResourcesBuildPhase;
			buildActionMask = 2147483647;
			files = (
				9DED8FBC2BF793B9008D0B29 /* .swiftlint.yml in Resources */,
				9D3DED332BCD109500DAD675 /* Preview Assets.xcassets in Resources */,
				9D39222F2BCFB86E00FA1D05 /* Localizable.xcstrings in Resources */,
				9D3DED2F2BCD109500DAD675 /* Assets.xcassets in Resources */,
			);
			runOnlyForDeploymentPostprocessing = 0;
		};
		9DAE65382C00E68900663324 /* Resources */ = {
			isa = PBXResourcesBuildPhase;
			buildActionMask = 2147483647;
			files = (
				9DAE65442C00E68A00663324 /* Preview Assets.xcassets in Resources */,
				9DB015632C03C17A00BB18EB /* Assets.xcassets in Resources */,
				9DD163072C03B336006A410D /* Localizable.xcstrings in Resources */,
			);
			runOnlyForDeploymentPostprocessing = 0;
		};
/* End PBXResourcesBuildPhase section */

/* Begin PBXShellScriptBuildPhase section */
		9DED8FBA2BF79015008D0B29 /* Swift Lint */ = {
			isa = PBXShellScriptBuildPhase;
			alwaysOutOfDate = 1;
			buildActionMask = 2147483647;
			files = (
			);
			inputFileListPaths = (
			);
			inputPaths = (
			);
			name = "Swift Lint";
			outputFileListPaths = (
			);
			outputPaths = (
			);
			runOnlyForDeploymentPostprocessing = 0;
			shellPath = /bin/sh;
			shellScript = "# Type a script or drag a script file from your workspace to insert its path.\nif [[ \"$(uname -m)\" == arm64 ]]; then\n    export PATH=\"/opt/homebrew/bin:$PATH\"\nfi\n\nif which swiftlint > /dev/null; then\n  swiftlint --fix && swiftlint\nelse\n  echo \"warning: SwiftLint not installed, download from https://github.com/realm/SwiftLint\"\nfi\n";
			showEnvVarsInLog = 0;
		};
/* End PBXShellScriptBuildPhase section */

/* Begin PBXSourcesBuildPhase section */
		9D3DED232BCD109400DAD675 /* Sources */ = {
			isa = PBXSourcesBuildPhase;
			buildActionMask = 2147483647;
			files = (
				9DD4250A2BE3C5BF009EE623 /* BeepPlayer.swift in Sources */,
				9D3DED2D2BCD109400DAD675 /* ParentView.swift in Sources */,
				9DD801DB2C04B630007DEC31 /* TorchEngine.swift in Sources */,
				9D1CB9B02BCEB5930088F90C /* SpeechRecognizer.swift in Sources */,
				9D3DED3C2BCD16DE00DAD675 /* QuickTranslateView.swift in Sources */,
				9D3DED402BCD23E700DAD675 /* VibrationEngine.swift in Sources */,
				9DA696702BCD7154002B9CBB /* Extensions.swift in Sources */,
				9D0CB0592BF5E87F00FD8E57 /* DataController.swift in Sources */,
				9D3DED3E2BCD16EB00DAD675 /* ListenView.swift in Sources */,
				9D0CB0572BF5E78500FD8E57 /* Sentence.xcdatamodeld in Sources */,
				9D3DED2B2BCD109400DAD675 /* MorserApp.swift in Sources */,
				9D7F43402C00C4BB00DB6DE3 /* ExpandingCircle.swift in Sources */,
				9DAE654F2C00E89D00663324 /* WatchConnectivityProvider.swift in Sources */,
				9D3DED3A2BCD167600DAD675 /* EncodeView.swift in Sources */,
				9D3DED422BCD248100DAD675 /* MorseEncoder.swift in Sources */,
				9D9BC1582BECE24200CD2C5B /* SettingsView.swift in Sources */,
			);
			runOnlyForDeploymentPostprocessing = 0;
		};
		9DAE65362C00E68900663324 /* Sources */ = {
			isa = PBXSourcesBuildPhase;
			buildActionMask = 2147483647;
			files = (
				9DD163082C03B43F006A410D /* ExpandingCircle.swift in Sources */,
				9DD162F82C038F78006A410D /* Extensions.swift in Sources */,
				9DAE65542C011BBD00663324 /* BeepPlayer.swift in Sources */,
				9DAE653F2C00E68900663324 /* ParentView.swift in Sources */,
				9DD162F92C038F7B006A410D /* MorseEncoder.swift in Sources */,
				9DAE653D2C00E68900663324 /* MorserWatchApp.swift in Sources */,
				9DD163052C03A512006A410D /* QuickTranslateView.swift in Sources */,
				9DD163022C039F9B006A410D /* DataController.swift in Sources */,
				9DD163002C039909006A410D /* VibrationEngine.swift in Sources */,
				9DD162FA2C038F91006A410D /* Sentence.xcdatamodeld in Sources */,
				9DAE65512C00E8CE00663324 /* WatchCommunicationManager.swift in Sources */,
				9DD162FD2C0397A3006A410D /* EncodeView.swift in Sources */,
			);
			runOnlyForDeploymentPostprocessing = 0;
		};
/* End PBXSourcesBuildPhase section */

/* Begin PBXTargetDependency section */
		9DAE65462C00E68A00663324 /* PBXTargetDependency */ = {
			isa = PBXTargetDependency;
			target = 9DAE65392C00E68900663324 /* MorserWatch Watch App */;
			targetProxy = 9DAE65452C00E68A00663324 /* PBXContainerItemProxy */;
		};
/* End PBXTargetDependency section */

/* Begin XCBuildConfiguration section */
		9D3DED342BCD109500DAD675 /* Debug */ = {
			isa = XCBuildConfiguration;
			buildSettings = {
				ALWAYS_SEARCH_USER_PATHS = NO;
				ASSETCATALOG_COMPILER_GENERATE_SWIFT_ASSET_SYMBOL_EXTENSIONS = YES;
				CLANG_ANALYZER_LOCALIZABILITY_NONLOCALIZED = YES;
				CLANG_ANALYZER_NONNULL = YES;
				CLANG_ANALYZER_NUMBER_OBJECT_CONVERSION = YES_AGGRESSIVE;
				CLANG_CXX_LANGUAGE_STANDARD = "gnu++20";
				CLANG_ENABLE_MODULES = YES;
				CLANG_ENABLE_OBJC_ARC = YES;
				CLANG_ENABLE_OBJC_WEAK = YES;
				CLANG_WARN_BLOCK_CAPTURE_AUTORELEASING = YES;
				CLANG_WARN_BOOL_CONVERSION = YES;
				CLANG_WARN_COMMA = YES;
				CLANG_WARN_CONSTANT_CONVERSION = YES;
				CLANG_WARN_DEPRECATED_OBJC_IMPLEMENTATIONS = YES;
				CLANG_WARN_DIRECT_OBJC_ISA_USAGE = YES_ERROR;
				CLANG_WARN_DOCUMENTATION_COMMENTS = YES;
				CLANG_WARN_EMPTY_BODY = YES;
				CLANG_WARN_ENUM_CONVERSION = YES;
				CLANG_WARN_INFINITE_RECURSION = YES;
				CLANG_WARN_INT_CONVERSION = YES;
				CLANG_WARN_NON_LITERAL_NULL_CONVERSION = YES;
				CLANG_WARN_OBJC_IMPLICIT_RETAIN_SELF = YES;
				CLANG_WARN_OBJC_LITERAL_CONVERSION = YES;
				CLANG_WARN_OBJC_ROOT_CLASS = YES_ERROR;
				CLANG_WARN_QUOTED_INCLUDE_IN_FRAMEWORK_HEADER = YES;
				CLANG_WARN_RANGE_LOOP_ANALYSIS = YES;
				CLANG_WARN_STRICT_PROTOTYPES = YES;
				CLANG_WARN_SUSPICIOUS_MOVE = YES;
				CLANG_WARN_UNGUARDED_AVAILABILITY = YES_AGGRESSIVE;
				CLANG_WARN_UNREACHABLE_CODE = YES;
				CLANG_WARN__DUPLICATE_METHOD_MATCH = YES;
				COPY_PHASE_STRIP = NO;
				DEBUG_INFORMATION_FORMAT = dwarf;
				ENABLE_STRICT_OBJC_MSGSEND = YES;
				ENABLE_TESTABILITY = YES;
				ENABLE_USER_SCRIPT_SANDBOXING = YES;
				GCC_C_LANGUAGE_STANDARD = gnu17;
				GCC_DYNAMIC_NO_PIC = NO;
				GCC_NO_COMMON_BLOCKS = YES;
				GCC_OPTIMIZATION_LEVEL = 0;
				GCC_PREPROCESSOR_DEFINITIONS = (
					"DEBUG=1",
					"$(inherited)",
				);
				GCC_WARN_64_TO_32_BIT_CONVERSION = YES;
				GCC_WARN_ABOUT_RETURN_TYPE = YES_ERROR;
				GCC_WARN_UNDECLARED_SELECTOR = YES;
				GCC_WARN_UNINITIALIZED_AUTOS = YES_AGGRESSIVE;
				GCC_WARN_UNUSED_FUNCTION = YES;
				GCC_WARN_UNUSED_VARIABLE = YES;
				IPHONEOS_DEPLOYMENT_TARGET = 15.0;
				LOCALIZATION_PREFERS_STRING_CATALOGS = YES;
				MTL_ENABLE_DEBUG_INFO = INCLUDE_SOURCE;
				MTL_FAST_MATH = YES;
				ONLY_ACTIVE_ARCH = YES;
				SDKROOT = iphoneos;
				SWIFT_ACTIVE_COMPILATION_CONDITIONS = "DEBUG $(inherited)";
				SWIFT_OPTIMIZATION_LEVEL = "-Onone";
				WATCHOS_DEPLOYMENT_TARGET = 8.0;
			};
			name = Debug;
		};
		9D3DED352BCD109500DAD675 /* Release */ = {
			isa = XCBuildConfiguration;
			buildSettings = {
				ALWAYS_SEARCH_USER_PATHS = NO;
				ASSETCATALOG_COMPILER_GENERATE_SWIFT_ASSET_SYMBOL_EXTENSIONS = YES;
				CLANG_ANALYZER_LOCALIZABILITY_NONLOCALIZED = YES;
				CLANG_ANALYZER_NONNULL = YES;
				CLANG_ANALYZER_NUMBER_OBJECT_CONVERSION = YES_AGGRESSIVE;
				CLANG_CXX_LANGUAGE_STANDARD = "gnu++20";
				CLANG_ENABLE_MODULES = YES;
				CLANG_ENABLE_OBJC_ARC = YES;
				CLANG_ENABLE_OBJC_WEAK = YES;
				CLANG_WARN_BLOCK_CAPTURE_AUTORELEASING = YES;
				CLANG_WARN_BOOL_CONVERSION = YES;
				CLANG_WARN_COMMA = YES;
				CLANG_WARN_CONSTANT_CONVERSION = YES;
				CLANG_WARN_DEPRECATED_OBJC_IMPLEMENTATIONS = YES;
				CLANG_WARN_DIRECT_OBJC_ISA_USAGE = YES_ERROR;
				CLANG_WARN_DOCUMENTATION_COMMENTS = YES;
				CLANG_WARN_EMPTY_BODY = YES;
				CLANG_WARN_ENUM_CONVERSION = YES;
				CLANG_WARN_INFINITE_RECURSION = YES;
				CLANG_WARN_INT_CONVERSION = YES;
				CLANG_WARN_NON_LITERAL_NULL_CONVERSION = YES;
				CLANG_WARN_OBJC_IMPLICIT_RETAIN_SELF = YES;
				CLANG_WARN_OBJC_LITERAL_CONVERSION = YES;
				CLANG_WARN_OBJC_ROOT_CLASS = YES_ERROR;
				CLANG_WARN_QUOTED_INCLUDE_IN_FRAMEWORK_HEADER = YES;
				CLANG_WARN_RANGE_LOOP_ANALYSIS = YES;
				CLANG_WARN_STRICT_PROTOTYPES = YES;
				CLANG_WARN_SUSPICIOUS_MOVE = YES;
				CLANG_WARN_UNGUARDED_AVAILABILITY = YES_AGGRESSIVE;
				CLANG_WARN_UNREACHABLE_CODE = YES;
				CLANG_WARN__DUPLICATE_METHOD_MATCH = YES;
				COPY_PHASE_STRIP = NO;
				DEBUG_INFORMATION_FORMAT = "dwarf-with-dsym";
				ENABLE_NS_ASSERTIONS = NO;
				ENABLE_STRICT_OBJC_MSGSEND = YES;
				ENABLE_USER_SCRIPT_SANDBOXING = YES;
				GCC_C_LANGUAGE_STANDARD = gnu17;
				GCC_NO_COMMON_BLOCKS = YES;
				GCC_WARN_64_TO_32_BIT_CONVERSION = YES;
				GCC_WARN_ABOUT_RETURN_TYPE = YES_ERROR;
				GCC_WARN_UNDECLARED_SELECTOR = YES;
				GCC_WARN_UNINITIALIZED_AUTOS = YES_AGGRESSIVE;
				GCC_WARN_UNUSED_FUNCTION = YES;
				GCC_WARN_UNUSED_VARIABLE = YES;
				IPHONEOS_DEPLOYMENT_TARGET = 15.0;
				LOCALIZATION_PREFERS_STRING_CATALOGS = YES;
				MTL_ENABLE_DEBUG_INFO = NO;
				MTL_FAST_MATH = YES;
				SDKROOT = iphoneos;
				SWIFT_COMPILATION_MODE = wholemodule;
				WATCHOS_DEPLOYMENT_TARGET = 8.0;
			};
			name = Release;
		};
		9D3DED372BCD109500DAD675 /* Debug */ = {
			isa = XCBuildConfiguration;
			buildSettings = {
				ALWAYS_EMBED_SWIFT_STANDARD_LIBRARIES = YES;
				ASSETCATALOG_COMPILER_APPICON_NAME = AppIcon;
				ASSETCATALOG_COMPILER_GLOBAL_ACCENT_COLOR_NAME = AccentColor;
				CODE_SIGN_ENTITLEMENTS = Morser/Morser.entitlements;
				CODE_SIGN_STYLE = Automatic;
				CURRENT_PROJECT_VERSION = 1;
				DEAD_CODE_STRIPPING = YES;
				DEVELOPMENT_ASSET_PATHS = "\"Morser/Preview Content\"";
				DEVELOPMENT_TEAM = 3FRYF657J2;
				ENABLE_HARDENED_RUNTIME = YES;
				ENABLE_PREVIEWS = YES;
				ENABLE_USER_SCRIPT_SANDBOXING = NO;
				GENERATE_INFOPLIST_FILE = YES;
				INFOPLIST_FILE = Morser/Info.plist;
				INFOPLIST_KEY_CFBundleDisplayName = Morser;
				INFOPLIST_KEY_LSApplicationCategoryType = "public.app-category.utilities";
				INFOPLIST_KEY_NSMicrophoneUsageDescription = "Audio is recorded to transcribe voices, and discarded after the use.";
				INFOPLIST_KEY_NSSpeechRecognitionUsageDescription = "You can encode voices from the microphone into morse haptics.";
				"INFOPLIST_KEY_UIApplicationSceneManifest_Generation[sdk=iphoneos*]" = YES;
				"INFOPLIST_KEY_UIApplicationSceneManifest_Generation[sdk=iphonesimulator*]" = YES;
				"INFOPLIST_KEY_UIApplicationSupportsIndirectInputEvents[sdk=iphoneos*]" = YES;
				"INFOPLIST_KEY_UIApplicationSupportsIndirectInputEvents[sdk=iphonesimulator*]" = YES;
				"INFOPLIST_KEY_UILaunchScreen_Generation[sdk=iphoneos*]" = YES;
				"INFOPLIST_KEY_UILaunchScreen_Generation[sdk=iphonesimulator*]" = YES;
				"INFOPLIST_KEY_UIStatusBarStyle[sdk=iphoneos*]" = UIStatusBarStyleDefault;
				"INFOPLIST_KEY_UIStatusBarStyle[sdk=iphonesimulator*]" = UIStatusBarStyleDefault;
				INFOPLIST_KEY_UISupportedInterfaceOrientations = UIInterfaceOrientationPortrait;
				INFOPLIST_KEY_UISupportedInterfaceOrientations_iPad = "UIInterfaceOrientationLandscapeLeft UIInterfaceOrientationLandscapeRight UIInterfaceOrientationPortrait UIInterfaceOrientationPortraitUpsideDown";
				IPHONEOS_DEPLOYMENT_TARGET = 15.0;
				LD_RUNPATH_SEARCH_PATHS = "@executable_path/Frameworks";
				"LD_RUNPATH_SEARCH_PATHS[sdk=macosx*]" = "@executable_path/../Frameworks";
				MARKETING_VERSION = 1.4;
				OTHER_LDFLAGS = "";
				PRODUCT_BUNDLE_IDENTIFIER = com.snesnopic.Morser;
				PRODUCT_NAME = "$(TARGET_NAME)";
				SDKROOT = auto;
				SUPPORTED_PLATFORMS = "iphoneos iphonesimulator";
				SUPPORTS_MACCATALYST = NO;
				SWIFT_EMIT_LOC_STRINGS = YES;
				SWIFT_VERSION = 5.0;
				TARGETED_DEVICE_FAMILY = 1;
			};
			name = Debug;
		};
		9D3DED382BCD109500DAD675 /* Release */ = {
			isa = XCBuildConfiguration;
			buildSettings = {
				ALWAYS_EMBED_SWIFT_STANDARD_LIBRARIES = YES;
				ASSETCATALOG_COMPILER_APPICON_NAME = AppIcon;
				ASSETCATALOG_COMPILER_GLOBAL_ACCENT_COLOR_NAME = AccentColor;
				CODE_SIGN_ENTITLEMENTS = Morser/Morser.entitlements;
				CODE_SIGN_STYLE = Automatic;
				CURRENT_PROJECT_VERSION = 1;
				DEAD_CODE_STRIPPING = YES;
				DEVELOPMENT_ASSET_PATHS = "\"Morser/Preview Content\"";
				DEVELOPMENT_TEAM = 3FRYF657J2;
				ENABLE_HARDENED_RUNTIME = YES;
				ENABLE_PREVIEWS = YES;
				ENABLE_USER_SCRIPT_SANDBOXING = NO;
				GENERATE_INFOPLIST_FILE = YES;
				INFOPLIST_FILE = Morser/Info.plist;
				INFOPLIST_KEY_CFBundleDisplayName = Morser;
				INFOPLIST_KEY_LSApplicationCategoryType = "public.app-category.utilities";
				INFOPLIST_KEY_NSMicrophoneUsageDescription = "Audio is recorded to transcribe voices, and discarded after the use.";
				INFOPLIST_KEY_NSSpeechRecognitionUsageDescription = "You can encode voices from the microphone into morse haptics.";
				"INFOPLIST_KEY_UIApplicationSceneManifest_Generation[sdk=iphoneos*]" = YES;
				"INFOPLIST_KEY_UIApplicationSceneManifest_Generation[sdk=iphonesimulator*]" = YES;
				"INFOPLIST_KEY_UIApplicationSupportsIndirectInputEvents[sdk=iphoneos*]" = YES;
				"INFOPLIST_KEY_UIApplicationSupportsIndirectInputEvents[sdk=iphonesimulator*]" = YES;
				"INFOPLIST_KEY_UILaunchScreen_Generation[sdk=iphoneos*]" = YES;
				"INFOPLIST_KEY_UILaunchScreen_Generation[sdk=iphonesimulator*]" = YES;
				"INFOPLIST_KEY_UIStatusBarStyle[sdk=iphoneos*]" = UIStatusBarStyleDefault;
				"INFOPLIST_KEY_UIStatusBarStyle[sdk=iphonesimulator*]" = UIStatusBarStyleDefault;
				INFOPLIST_KEY_UISupportedInterfaceOrientations = UIInterfaceOrientationPortrait;
				INFOPLIST_KEY_UISupportedInterfaceOrientations_iPad = "UIInterfaceOrientationLandscapeLeft UIInterfaceOrientationLandscapeRight UIInterfaceOrientationPortrait UIInterfaceOrientationPortraitUpsideDown";
				IPHONEOS_DEPLOYMENT_TARGET = 15.0;
				LD_RUNPATH_SEARCH_PATHS = "@executable_path/Frameworks";
				"LD_RUNPATH_SEARCH_PATHS[sdk=macosx*]" = "@executable_path/../Frameworks";
				MARKETING_VERSION = 1.4;
				OTHER_LDFLAGS = "";
				PRODUCT_BUNDLE_IDENTIFIER = com.snesnopic.Morser;
				PRODUCT_NAME = "$(TARGET_NAME)";
				SDKROOT = auto;
				SUPPORTED_PLATFORMS = "iphoneos iphonesimulator";
				SUPPORTS_MACCATALYST = NO;
				SWIFT_EMIT_LOC_STRINGS = YES;
				SWIFT_VERSION = 5.0;
				TARGETED_DEVICE_FAMILY = 1;
			};
			name = Release;
		};
		9DAE65492C00E68A00663324 /* Debug */ = {
			isa = XCBuildConfiguration;
			buildSettings = {
				ASSETCATALOG_COMPILER_APPICON_NAME = AppIcon;
				ASSETCATALOG_COMPILER_GLOBAL_ACCENT_COLOR_NAME = AccentColor;
				CODE_SIGN_STYLE = Automatic;
				CURRENT_PROJECT_VERSION = 1;
				DEVELOPMENT_ASSET_PATHS = "\"MorserWatch Watch App/Preview Content\"";
				DEVELOPMENT_TEAM = 3FRYF657J2;
				ENABLE_PREVIEWS = YES;
				GENERATE_INFOPLIST_FILE = YES;
				INFOPLIST_FILE = "MorserWatch-Watch-App-Info.plist";
				INFOPLIST_KEY_CFBundleDisplayName = MorserWatch;
				INFOPLIST_KEY_UISupportedInterfaceOrientations = "UIInterfaceOrientationPortrait UIInterfaceOrientationPortraitUpsideDown";
				INFOPLIST_KEY_WKCompanionAppBundleIdentifier = com.snesnopic.Morser;
				LD_RUNPATH_SEARCH_PATHS = (
					"$(inherited)",
					"@executable_path/Frameworks",
				);
				MARKETING_VERSION = 1.1;
				PRODUCT_BUNDLE_IDENTIFIER = com.snesnopic.Morser.watchkitapp;
				PRODUCT_NAME = "$(TARGET_NAME)";
				SDKROOT = watchos;
				SKIP_INSTALL = YES;
				SWIFT_EMIT_LOC_STRINGS = YES;
				SWIFT_VERSION = 5.0;
				TARGETED_DEVICE_FAMILY = 4;
				WATCHOS_DEPLOYMENT_TARGET = 8.0;
			};
			name = Debug;
		};
		9DAE654A2C00E68A00663324 /* Release */ = {
			isa = XCBuildConfiguration;
			buildSettings = {
				ASSETCATALOG_COMPILER_APPICON_NAME = AppIcon;
				ASSETCATALOG_COMPILER_GLOBAL_ACCENT_COLOR_NAME = AccentColor;
				CODE_SIGN_STYLE = Automatic;
				CURRENT_PROJECT_VERSION = 1;
				DEVELOPMENT_ASSET_PATHS = "\"MorserWatch Watch App/Preview Content\"";
				DEVELOPMENT_TEAM = 3FRYF657J2;
				ENABLE_PREVIEWS = YES;
				GENERATE_INFOPLIST_FILE = YES;
				INFOPLIST_FILE = "MorserWatch-Watch-App-Info.plist";
				INFOPLIST_KEY_CFBundleDisplayName = MorserWatch;
				INFOPLIST_KEY_UISupportedInterfaceOrientations = "UIInterfaceOrientationPortrait UIInterfaceOrientationPortraitUpsideDown";
				INFOPLIST_KEY_WKCompanionAppBundleIdentifier = com.snesnopic.Morser;
				LD_RUNPATH_SEARCH_PATHS = (
					"$(inherited)",
					"@executable_path/Frameworks",
				);
				MARKETING_VERSION = 1.1;
				PRODUCT_BUNDLE_IDENTIFIER = com.snesnopic.Morser.watchkitapp;
				PRODUCT_NAME = "$(TARGET_NAME)";
				SDKROOT = watchos;
				SKIP_INSTALL = YES;
				SWIFT_EMIT_LOC_STRINGS = YES;
				SWIFT_VERSION = 5.0;
				TARGETED_DEVICE_FAMILY = 4;
				VALIDATE_PRODUCT = YES;
				WATCHOS_DEPLOYMENT_TARGET = 8.0;
			};
			name = Release;
		};
/* End XCBuildConfiguration section */

/* Begin XCConfigurationList section */
		9D3DED222BCD109400DAD675 /* Build configuration list for PBXProject "Morser" */ = {
			isa = XCConfigurationList;
			buildConfigurations = (
				9D3DED342BCD109500DAD675 /* Debug */,
				9D3DED352BCD109500DAD675 /* Release */,
			);
			defaultConfigurationIsVisible = 0;
			defaultConfigurationName = Release;
		};
		9D3DED362BCD109500DAD675 /* Build configuration list for PBXNativeTarget "Morser" */ = {
			isa = XCConfigurationList;
			buildConfigurations = (
				9D3DED372BCD109500DAD675 /* Debug */,
				9D3DED382BCD109500DAD675 /* Release */,
			);
			defaultConfigurationIsVisible = 0;
			defaultConfigurationName = Release;
		};
		9DAE654B2C00E68A00663324 /* Build configuration list for PBXNativeTarget "MorserWatch Watch App" */ = {
			isa = XCConfigurationList;
			buildConfigurations = (
				9DAE65492C00E68A00663324 /* Debug */,
				9DAE654A2C00E68A00663324 /* Release */,
			);
			defaultConfigurationIsVisible = 0;
			defaultConfigurationName = Release;
		};
/* End XCConfigurationList section */

/* Begin XCVersionGroup section */
		9D0CB0552BF5E78500FD8E57 /* Sentence.xcdatamodeld */ = {
			isa = XCVersionGroup;
			children = (
				9D0CB0562BF5E78500FD8E57 /* Sentence.xcdatamodel */,
			);
			currentVersion = 9D0CB0562BF5E78500FD8E57 /* Sentence.xcdatamodel */;
			path = Sentence.xcdatamodeld;
			sourceTree = "<group>";
			versionGroupType = wrapper.xcdatamodel;
		};
/* End XCVersionGroup section */
	};
	rootObject = 9D3DED1F2BCD109400DAD675 /* Project object */;
}
